
Microsoft Visual Studio Solution File, Format Version 12.00
# Visual Studio Version 16
VisualStudioVersion = 16.0.30406.217
MinimumVisualStudioVersion = 10.0.40219.1
Project("{FAE04EC0-301F-11D3-BF4B-00C04F79EFBC}") = "AppShopping.Android", "AppShopping\AppShopping.Android\AppShopping.Android.csproj", "{93D9BBF7-B587-48AD-A982-6D4144450270}"
EndProject
Project("{FAE04EC0-301F-11D3-BF4B-00C04F79EFBC}") = "AppShopping", "AppShopping\AppShopping\AppShopping.csproj", "{7D068CA9-3C13-42FC-ADCB-64D78F02F9AF}"
EndProject
Global
	GlobalSection(SolutionConfigurationPlatforms) = preSolution
		Debug|Any CPU = Debug|Any CPU
		Release|Any CPU = Release|Any CPU
	EndGlobalSection
	GlobalSection(ProjectConfigurationPlatforms) = postSolution
		{93D9BBF7-B587-48AD-A982-6D4144450270}.Debug|Any CPU.ActiveCfg = Debug|Any CPU
		{93D9BBF7-B587-48AD-A982-6D4144450270}.Debug|Any CPU.Build.0 = Debug|Any CPU
		{93D9BBF7-B587-48AD-A982-6D4144450270}.Debug|Any CPU.Deploy.0 = Debug|Any CPU
		{93D9BBF7-B587-48AD-A982-6D4144450270}.Release|Any CPU.ActiveCfg = Release|Any CPU
		{93D9BBF7-B587-48AD-A982-6D4144450270}.Release|Any CPU.Build.0 = Release|Any CPU
		{93D9BBF7-B587-48AD-A982-6D4144450270}.Release|Any CPU.Deploy.0 = Release|Any CPU
		{7D068CA9-3C13-42FC-ADCB-64D78F02F9AF}.Debug|Any CPU.ActiveCfg = Debug|Any CPU
		{7D068CA9-3C13-42FC-ADCB-64D78F02F9AF}.Debug|Any CPU.Build.0 = Debug|Any CPU
		{7D068CA9-3C13-42FC-ADCB-64D78F02F9AF}.Debug|Any CPU.Deploy.0 = Debug|Any CPU
		{7D068CA9-3C13-42FC-ADCB-64D78F02F9AF}.Release|Any CPU.ActiveCfg = Release|Any CPU
		{7D068CA9-3C13-42FC-ADCB-64D78F02F9AF}.Release|Any CPU.Build.0 = Release|Any CPU
		{7D068CA9-3C13-42FC-ADCB-64D78F02F9AF}.Release|Any CPU.Deploy.0 = Release|Any CPU
	EndGlobalSection
	GlobalSection(SolutionProperties) = preSolution
		HideSolutionNode = FALSE
	EndGlobalSection
	GlobalSection(ExtensibilityGlobals) = postSolution
		SolutionGuid = {0D430CD7-A587-4190-89BE-2E53B5CA8479}
	EndGlobalSection
EndGlobal
